PODS:
  - AFNetworking (2.5.4):
    - AFNetworking/NSURLConnection (= 2.5.4)
    - AFNetworking/NSURLSession (= 2.5.4)
    - AFNetworking/Reachability (= 2.5.4)
    - AFNetworking/Security (= 2.5.4)
    - AFNetworking/Serialization (= 2.5.4)
    - AFNetworking/UIKit (= 2.5.4)
  - AFNetworking/NSURLConnection (2.5.4):
    - AFNetworking/Reachability
    - AFNetworking/Security
    - AFNetworking/Serialization
  - AFNetworking/NSURLSession (2.5.4):
    - AFNetworking/Reachability
    - AFNetworking/Security
    - AFNetworking/Serialization
  - AFNetworking/Reachability (2.5.4)
  - AFNetworking/Security (2.5.4)
  - AFNetworking/Serialization (2.5.4)
  - AFNetworking/UIKit (2.5.4):
    - AFNetworking/NSURLConnection
    - AFNetworking/NSURLSession
  - Bolts/Tasks (1.2.0)
  - CocoaSoundCloudAPI (1.0.2):
    - NXOAuth2Client (= 1.2.2)
  - CocoaSoundCloudUI (1.0.9):
    - CocoaSoundCloudAPI (~> 1.0.2)
    - OHAttributedLabel
  - DZNEmptyDataSet (1.5.2)
  - DZNSegmentedControl (1.2.2)
  - libPhoneNumber-iOS (0.8.5)
  - MagicalRecord (2.3.0)
  - NXOAuth2Client (1.2.2)
  - OHAttributedLabel (3.5.5)
  - Parse (1.7.4):
    - Bolts/Tasks (>= 1.1.5)
  - RHAddressBook (1.1.1)
  - SDWebImage (3.7.2):
    - SDWebImage/Core (= 3.7.2)
  - SDWebImage/Core (3.7.2)
  - SVProgressHUD (1.1.3)
  - SWTableViewCell (0.3.7)

DEPENDENCIES:
  - AFNetworking
  - CocoaSoundCloudAPI
  - CocoaSoundCloudUI
  - DZNEmptyDataSet
  - DZNSegmentedControl (~> 1.2)
  - libPhoneNumber-iOS
  - MagicalRecord
  - Parse
  - RHAddressBook
  - SDWebImage (~> 3.6)
  - SVProgressHUD
  - SWTableViewCell (~> 0.3.7)

SPEC CHECKSUMS:
  AFNetworking: 05edc0ac4c4c8cf57bcf4b84be5b0744b6d8e71e
  Bolts: d176cb1e0012175589e389a9db49b85e27787576
  CocoaSoundCloudAPI: bef452c90f3a3af6de41a620d7d156d716d68f79
  CocoaSoundCloudUI: f5aed254f432bc68a5a3570b74cdd6d18ce7b037
  DZNEmptyDataSet: 741da409081a4bf707c949c964623a6ad1799772
  DZNSegmentedControl: 8a7fdd743672742c692106f4456aaede10d43131
  libPhoneNumber-iOS: b8ccd23576379caca37c7cbdd554addf384459ed
  MagicalRecord: 89eb7d7ead39fb37f01c3d010665ee94d17f8dba
  NXOAuth2Client: 492f961d549c411b344cfae861de0dc63b176edc
  OHAttributedLabel: 9b2eb99323dee6b3a81ef3bc8e98b084117bca2d
  Parse: 6ca512c6e860b66739c95151b2f76ac4712b7842
  RHAddressBook: 870e9e0b34cb917b9c4c600fc3b7d5b530b23b13
  SDWebImage: 71b7cdc1d1721d6a82ed62889030225f2c249e29
  SVProgressHUD: 748080e4f36e603f6c02aec292664239df5279c1
  SWTableViewCell: 2a94aadc9d47b2b611fa064566bf57948b95b579

COCOAPODS: 0.37.2
